
Microsoft Visual Studio Solution File, Format Version 12.00
# Visual Studio 2017
Project("{FAE04EC0-301F-11D3-BF4B-00C04F79EFBC}") = "BulletHellTest", "BulletHellTest.csproj", "{BB17BD2F-292F-D751-74F5-F1D6CB1F3405}"
EndProject
Project("{FAE04EC0-301F-11D3-BF4B-00C04F79EFBC}") = "BulletHellTest.Editor", "BulletHellTest.Editor.csproj", "{D08EACB8-6D1F-08EB-E218-AF9467A95B7F}"
EndProject
Project("{FAE04EC0-301F-11D3-BF4B-00C04F79EFBC}") = "BulletHellTest.Editor", "BulletHellTest.Editor.csproj", "{D08EACB8-6D1F-08EB-E218-AF9467A95B7F}"
EndProject
Global
	GlobalSection(SolutionConfigurationPlatforms) = preSolution
		Debug|Any CPU = Debug|Any CPU
		Release|Any CPU = Release|Any CPU
	EndGlobalSection
	GlobalSection(ProjectConfigurationPlatforms) = postSolution
		{BB17BD2F-292F-D751-74F5-F1D6CB1F3405}.Debug|Any CPU.ActiveCfg = Debug|Any CPU
		{BB17BD2F-292F-D751-74F5-F1D6CB1F3405}.Debug|Any CPU.Build.0 = Debug|Any CPU
		{BB17BD2F-292F-D751-74F5-F1D6CB1F3405}.Release|Any CPU.ActiveCfg = Release|Any CPU
		{BB17BD2F-292F-D751-74F5-F1D6CB1F3405}.Release|Any CPU.Build.0 = Release|Any CPU
		{D08EACB8-6D1F-08EB-E218-AF9467A95B7F}.Debug|Any CPU.ActiveCfg = Debug|Any CPU
		{D08EACB8-6D1F-08EB-E218-AF9467A95B7F}.Debug|Any CPU.Build.0 = Debug|Any CPU
		{D08EACB8-6D1F-08EB-E218-AF9467A95B7F}.Release|Any CPU.ActiveCfg = Release|Any CPU
		{D08EACB8-6D1F-08EB-E218-AF9467A95B7F}.Release|Any CPU.Build.0 = Release|Any CPU
		{D08EACB8-6D1F-08EB-E218-AF9467A95B7F}.Debug|Any CPU.ActiveCfg = Debug|Any CPU
		{D08EACB8-6D1F-08EB-E218-AF9467A95B7F}.Debug|Any CPU.Build.0 = Debug|Any CPU
		{D08EACB8-6D1F-08EB-E218-AF9467A95B7F}.Release|Any CPU.ActiveCfg = Release|Any CPU
		{D08EACB8-6D1F-08EB-E218-AF9467A95B7F}.Release|Any CPU.Build.0 = Release|Any CPU
	EndGlobalSection
	GlobalSection(SolutionProperties) = preSolution
		HideSolutionNode = FALSE
	EndGlobalSection
EndGlobal
